{
  "object": {
    "pins": [
      {
        "package": "SwiftViz",
        "repositoryURL": "https://github.com/swiftviz/SwiftViz",
        "state": {
          "branch": null,
          "revision": "dd43603ab18d357957bfdd063f95263e978e3801",
          "version": "0.1.4"
        }
      },
      {
        "package": "ViewInspector",
        "repositoryURL": "https://github.com/nalexn/ViewInspector",
        "state": {
          "branch": null,
          "revision": "ec943ed718cd293b95f17a2b81e8917d6ed70752",
          "version": "0.3.8"
        }
      }
    ]
  },
  "version": 1
}
