{
  "object": {
    "pins": [
      {
        "package": "SwiftViz",
        "repositoryURL": "https://github.com/swiftviz/SwiftViz",
        "state": {
          "branch": null,
          "revision": "33ce6c2890cb219569cea03d13c02bb54cd6b1a6",
          "version": "0.1.2"
        }
      },
      {
        "package": "ViewInspector",
        "repositoryURL": "https://github.com/nalexn/ViewInspector",
        "state": {
          "branch": null,
          "revision": "ec943ed718cd293b95f17a2b81e8917d6ed70752",
          "version": "0.3.8"
        }
      }
    ]
  },
  "version": 1
}
